// !$*UTF8*$!
{
	archiveVersion = 1;
	classes = {
	};
	objectVersion = 50;
	objects = {

/* Begin PBXBuildFile section */
		05FB2AFB24B2F2FA002BD7EC /* Assets.xcassets in Resources */ = {isa = PBXBuildFile; fileRef = 05FB2AFA24B2F2FA002BD7EC /* Assets.xcassets */; };
		05FB2AFE24B2F2FA002BD7EC /* Main.storyboard in Resources */ = {isa = PBXBuildFile; fileRef = 05FB2AFC24B2F2FA002BD7EC /* Main.storyboard */; };
		05FB2B1D24B2F3B6002BD7EC /* main.cpp in Sources */ = {isa = PBXBuildFile; fileRef = 05FB2B1C24B2F3B6002BD7EC /* main.cpp */; };
		05FB2B4124B2F419002BD7EC /* libGLTools.a in Frameworks */ = {isa = PBXBuildFile; fileRef = 05FB2B4024B2F419002BD7EC /* libGLTools.a */; };
		05FB2B4424B2F472002BD7EC /* OpenGL.framework in Frameworks */ = {isa = PBXBuildFile; fileRef = 05FB2B4324B2F472002BD7EC /* OpenGL.framework */; };
		05FB2B4624B2F47E002BD7EC /* GLUT.framework in Frameworks */ = {isa = PBXBuildFile; fileRef = 05FB2B4524B2F47E002BD7EC /* GLUT.framework */; };
/* End PBXBuildFile section */

/* Begin PBXFileReference section */
		05FB2AF124B2F2F7002BD7EC /* OpenGL---02.app */ = {isa = PBXFileReference; explicitFileType = wrapper.application; includeInIndex = 0; path = "OpenGL---02.app"; sourceTree = BUILT_PRODUCTS_DIR; };
		05FB2AFA24B2F2FA002BD7EC /* Assets.xcassets */ = {isa = PBXFileReference; lastKnownFileType = folder.assetcatalog; path = Assets.xcassets; sourceTree = "<group>"; };
		05FB2AFD24B2F2FA002BD7EC /* Base */ = {isa = PBXFileReference; lastKnownFileType = file.storyboard; name = Base; path = Base.lproj/Main.storyboard; sourceTree = "<group>"; };
		05FB2AFF24B2F2FA002BD7EC /* Info.plist */ = {isa = PBXFileReference; lastKnownFileType = text.plist.xml; path = Info.plist; sourceTree = "<group>"; };
		05FB2B0224B2F2FA002BD7EC /* OpenGL___02.entitlements */ = {isa = PBXFileReference; lastKnownFileType = text.plist.entitlements; path = "OpenGL___02.entitlements"; sourceTree = "<group>"; };
		05FB2B1C24B2F3B6002BD7EC /* main.cpp */ = {isa = PBXFileReference; lastKnownFileType = sourcecode.cpp.cpp; path = main.cpp; sourceTree = "<group>"; };
		05FB2B3124B2F419002BD7EC /* GLBatchBase.h */ = {isa = PBXFileReference; fileEncoding = 4; lastKnownFileType = sourcecode.c.h; path = GLBatchBase.h; sourceTree = "<group>"; };
		05FB2B3224B2F419002BD7EC /* math3d.h */ = {isa = PBXFileReference; fileEncoding = 4; lastKnownFileType = sourcecode.c.h; path = math3d.h; sourceTree = "<group>"; };
		05FB2B3324B2F419002BD7EC /* GLTriangleBatch.h */ = {isa = PBXFileReference; fileEncoding = 4; lastKnownFileType = sourcecode.c.h; path = GLTriangleBatch.h; sourceTree = "<group>"; };
		05FB2B3424B2F419002BD7EC /* GLBatch.h */ = {isa = PBXFileReference; fileEncoding = 4; lastKnownFileType = sourcecode.c.h; path = GLBatch.h; sourceTree = "<group>"; };
		05FB2B3524B2F419002BD7EC /* GLMatrixStack.h */ = {isa = PBXFileReference; fileEncoding = 4; lastKnownFileType = sourcecode.c.h; path = GLMatrixStack.h; sourceTree = "<group>"; };
		05FB2B3624B2F419002BD7EC /* GLFrame.h */ = {isa = PBXFileReference; fileEncoding = 4; lastKnownFileType = sourcecode.c.h; path = GLFrame.h; sourceTree = "<group>"; };
		05FB2B3724B2F419002BD7EC /* GLFrustum.h */ = {isa = PBXFileReference; fileEncoding = 4; lastKnownFileType = sourcecode.c.h; path = GLFrustum.h; sourceTree = "<group>"; };
		05FB2B3824B2F419002BD7EC /* GLGeometryTransform.h */ = {isa = PBXFileReference; fileEncoding = 4; lastKnownFileType = sourcecode.c.h; path = GLGeometryTransform.h; sourceTree = "<group>"; };
		05FB2B3924B2F419002BD7EC /* GLShaderManager.h */ = {isa = PBXFileReference; fileEncoding = 4; lastKnownFileType = sourcecode.c.h; path = GLShaderManager.h; sourceTree = "<group>"; };
		05FB2B3A24B2F419002BD7EC /* StopWatch.h */ = {isa = PBXFileReference; fileEncoding = 4; lastKnownFileType = sourcecode.c.h; path = StopWatch.h; sourceTree = "<group>"; };
		05FB2B3C24B2F419002BD7EC /* glxew.h */ = {isa = PBXFileReference; fileEncoding = 4; lastKnownFileType = sourcecode.c.h; path = glxew.h; sourceTree = "<group>"; };
		05FB2B3D24B2F419002BD7EC /* wglew.h */ = {isa = PBXFileReference; fileEncoding = 4; lastKnownFileType = sourcecode.c.h; path = wglew.h; sourceTree = "<group>"; };
		05FB2B3E24B2F419002BD7EC /* glew.h */ = {isa = PBXFileReference; fileEncoding = 4; lastKnownFileType = sourcecode.c.h; path = glew.h; sourceTree = "<group>"; };
		05FB2B3F24B2F419002BD7EC /* GLTools.h */ = {isa = PBXFileReference; fileEncoding = 4; lastKnownFileType = sourcecode.c.h; path = GLTools.h; sourceTree = "<group>"; };
		05FB2B4024B2F419002BD7EC /* libGLTools.a */ = {isa = PBXFileReference; lastKnownFileType = archive.ar; path = libGLTools.a; sourceTree = "<group>"; };
		05FB2B4324B2F472002BD7EC /* OpenGL.framework */ = {isa = PBXFileReference; lastKnownFileType = wrapper.framework; name = OpenGL.framework; path = System/Library/Frameworks/OpenGL.framework; sourceTree = SDKROOT; };
		05FB2B4524B2F47E002BD7EC /* GLUT.framework */ = {isa = PBXFileReference; lastKnownFileType = wrapper.framework; name = GLUT.framework; path = System/Library/Frameworks/GLUT.framework; sourceTree = SDKROOT; };
/* End PBXFileReference section */

/* Begin PBXFrameworksBuildPhase section */
		05FB2AEE24B2F2F7002BD7EC /* Frameworks */ = {
			isa = PBXFrameworksBuildPhase;
			buildActionMask = 2147483647;
			files = (
				05FB2B4624B2F47E002BD7EC /* GLUT.framework in Frameworks */,
				05FB2B4424B2F472002BD7EC /* OpenGL.framework in Frameworks */,
				05FB2B4124B2F419002BD7EC /* libGLTools.a in Frameworks */,
			);
			runOnlyForDeploymentPostprocessing = 0;
		};
/* End PBXFrameworksBuildPhase section */

/* Begin PBXGroup section */
		05FB2AE824B2F2F7002BD7EC = {
			isa = PBXGroup;
			children = (
				05FB2AF324B2F2F7002BD7EC /* OpenGL---02 */,
				05FB2AF224B2F2F7002BD7EC /* Products */,
				05FB2B4224B2F471002BD7EC /* Frameworks */,
			);
			sourceTree = "<group>";
		};
		05FB2AF224B2F2F7002BD7EC /* Products */ = {
			isa = PBXGroup;
			children = (
				05FB2AF124B2F2F7002BD7EC /* OpenGL---02.app */,
			);
			name = Products;
			sourceTree = "<group>";
		};
		05FB2AF324B2F2F7002BD7EC /* OpenGL---02 */ = {
			isa = PBXGroup;
			children = (
				05FB2B3024B2F419002BD7EC /* include */,
				05FB2B4024B2F419002BD7EC /* libGLTools.a */,
				05FB2AFA24B2F2FA002BD7EC /* Assets.xcassets */,
				05FB2AFC24B2F2FA002BD7EC /* Main.storyboard */,
				05FB2AFF24B2F2FA002BD7EC /* Info.plist */,
				05FB2B0224B2F2FA002BD7EC /* OpenGL___02.entitlements */,
				05FB2B1C24B2F3B6002BD7EC /* main.cpp */,
			);
			path = "OpenGL---02";
			sourceTree = "<group>";
		};
		05FB2B3024B2F419002BD7EC /* include */ = {
			isa = PBXGroup;
			children = (
				05FB2B3124B2F419002BD7EC /* GLBatchBase.h */,
				05FB2B3224B2F419002BD7EC /* math3d.h */,
				05FB2B3324B2F419002BD7EC /* GLTriangleBatch.h */,
				05FB2B3424B2F419002BD7EC /* GLBatch.h */,
				05FB2B3524B2F419002BD7EC /* GLMatrixStack.h */,
				05FB2B3624B2F419002BD7EC /* GLFrame.h */,
				05FB2B3724B2F419002BD7EC /* GLFrustum.h */,
				05FB2B3824B2F419002BD7EC /* GLGeometryTransform.h */,
				05FB2B3924B2F419002BD7EC /* GLShaderManager.h */,
				05FB2B3A24B2F419002BD7EC /* StopWatch.h */,
				05FB2B3B24B2F419002BD7EC /* GL */,
				05FB2B3F24B2F419002BD7EC /* GLTools.h */,
			);
			path = include;
			sourceTree = "<group>";
		};
		05FB2B3B24B2F419002BD7EC /* GL */ = {
			isa = PBXGroup;
			children = (
				05FB2B3C24B2F419002BD7EC /* glxew.h */,
				05FB2B3D24B2F419002BD7EC /* wglew.h */,
				05FB2B3E24B2F419002BD7EC /* glew.h */,
			);
			path = GL;
			sourceTree = "<group>";
		};
		05FB2B4224B2F471002BD7EC /* Frameworks */ = {
			isa = PBXGroup;
			children = (
				05FB2B4524B2F47E002BD7EC /* GLUT.framework */,
				05FB2B4324B2F472002BD7EC /* OpenGL.framework */,
			);
			name = Frameworks;
			sourceTree = "<group>";
		};
/* End PBXGroup section */

/* Begin PBXNativeTarget section */
		05FB2AF024B2F2F7002BD7EC /* OpenGL---02 */ = {
			isa = PBXNativeTarget;
			buildConfigurationList = 05FB2B0524B2F2FA002BD7EC /* Build configuration list for PBXNativeTarget "OpenGL---02" */;
			buildPhases = (
				05FB2AED24B2F2F7002BD7EC /* Sources */,
				05FB2AEE24B2F2F7002BD7EC /* Frameworks */,
				05FB2AEF24B2F2F7002BD7EC /* Resources */,
			);
			buildRules = (
			);
			dependencies = (
			);
			name = "OpenGL---02";
			productName = "OpenGL---02";
			productReference = 05FB2AF124B2F2F7002BD7EC /* OpenGL---02.app */;
			productType = "com.apple.product-type.application";
		};
/* End PBXNativeTarget section */

/* Begin PBXProject section */
		05FB2AE924B2F2F7002BD7EC /* Project object */ = {
			isa = PBXProject;
			attributes = {
				LastUpgradeCheck = 1150;
				ORGANIZATIONNAME = maybe_;
				TargetAttributes = {
					05FB2AF024B2F2F7002BD7EC = {
						CreatedOnToolsVersion = 11.5;
					};
				};
			};
			buildConfigurationList = 05FB2AEC24B2F2F7002BD7EC /* Build configuration list for PBXProject "OpenGL---02" */;
			compatibilityVersion = "Xcode 9.3";
			developmentRegion = en;
			hasScannedForEncodings = 0;
			knownRegions = (
				en,
				Base,
			);
			mainGroup = 05FB2AE824B2F2F7002BD7EC;
			productRefGroup = 05FB2AF224B2F2F7002BD7EC /* Products */;
			projectDirPath = "";
			projectRoot = "";
			targets = (
				05FB2AF024B2F2F7002BD7EC /* OpenGL---02 */,
			);
		};
/* End PBXProject section */

/* Begin PBXResourcesBuildPhase section */
		05FB2AEF24B2F2F7002BD7EC /* Resources */ = {
			isa = PBXResourcesBuildPhase;
			buildActionMask = 2147483647;
			files = (
				05FB2AFB24B2F2FA002BD7EC /* Assets.xcassets in Resources */,
				05FB2AFE24B2F2FA002BD7EC /* Main.storyboard in Resources */,
			);
			runOnlyForDeploymentPostprocessing = 0;
		};
/* End PBXResourcesBuildPhase section */

/* Begin PBXSourcesBuildPhase section */
		05FB2AED24B2F2F7002BD7EC /* Sources */ = {
			isa = PBXSourcesBuildPhase;
			buildActionMask = 2147483647;
			files = (
				05FB2B1D24B2F3B6002BD7EC /* main.cpp in Sources */,
			);
			runOnlyForDeploymentPostprocessing = 0;
		};
/* End PBXSourcesBuildPhase section */

/* Begin PBXVariantGroup section */
		05FB2AFC24B2F2FA002BD7EC /* Main.storyboard */ = {
			isa = PBXVariantGroup;
			children = (
				05FB2AFD24B2F2FA002BD7EC /* Base */,
			);
			name = Main.storyboard;
			sourceTree = "<group>";
		};
/* End PBXVariantGroup section */

/* Begin XCBuildConfiguration section */
		05FB2B0324B2F2FA002BD7EC /* Debug */ = {
			isa = XCBuildConfiguration;
			buildSettings = {
				ALWAYS_SEARCH_USER_PATHS = NO;
				CLANG_ANALYZER_NONNULL = YES;
				CLANG_ANALYZER_NUMBER_OBJECT_CONVERSION = YES_AGGRESSIVE;
				CLANG_CXX_LANGUAGE_STANDARD = "gnu++14";
				CLANG_CXX_LIBRARY = "libc++";
				CLANG_ENABLE_MODULES = YES;
				CLANG_ENABLE_OBJC_ARC = YES;
				CLANG_ENABLE_OBJC_WEAK = YES;
				CLANG_WARN_BLOCK_CAPTURE_AUTORELEASING = YES;
				CLANG_WARN_BOOL_CONVERSION = YES;
				CLANG_WARN_COMMA = YES;
				CLANG_WARN_CONSTANT_CONVERSION = YES;
				CLANG_WARN_DEPRECATED_OBJC_IMPLEMENTATIONS = YES;
				CLANG_WARN_DIRECT_OBJC_ISA_USAGE = YES_ERROR;
				CLANG_WARN_DOCUMENTATION_COMMENTS = YES;
				CLANG_WARN_EMPTY_BODY = YES;
				CLANG_WARN_ENUM_CONVERSION = YES;
				CLANG_WARN_INFINITE_RECURSION = YES;
				CLANG_WARN_INT_CONVERSION = YES;
				CLANG_WARN_NON_LITERAL_NULL_CONVERSION = YES;
				CLANG_WARN_OBJC_IMPLICIT_RETAIN_SELF = YES;
				CLANG_WARN_OBJC_LITERAL_CONVERSION = YES;
				CLANG_WARN_OBJC_ROOT_CLASS = YES_ERROR;
				CLANG_WARN_RANGE_LOOP_ANALYSIS = YES;
				CLANG_WARN_STRICT_PROTOTYPES = YES;
				CLANG_WARN_SUSPICIOUS_MOVE = YES;
				CLANG_WARN_UNGUARDED_AVAILABILITY = YES_AGGRESSIVE;
				CLANG_WARN_UNREACHABLE_CODE = YES;
				CLANG_WARN__DUPLICATE_METHOD_MATCH = YES;
				COPY_PHASE_STRIP = NO;
				DEBUG_INFORMATION_FORMAT = dwarf;
				ENABLE_STRICT_OBJC_MSGSEND = YES;
				ENABLE_TESTABILITY = YES;
				GCC_C_LANGUAGE_STANDARD = gnu11;
				GCC_DYNAMIC_NO_PIC = NO;
				GCC_NO_COMMON_BLOCKS = YES;
				GCC_OPTIMIZATION_LEVEL = 0;
				GCC_PREPROCESSOR_DEFINITIONS = (
					"DEBUG=1",
					"$(inherited)",
				);
				GCC_WARN_64_TO_32_BIT_CONVERSION = YES;
				GCC_WARN_ABOUT_RETURN_TYPE = YES_ERROR;
				GCC_WARN_UNDECLARED_SELECTOR = YES;
				GCC_WARN_UNINITIALIZED_AUTOS = YES_AGGRESSIVE;
				GCC_WARN_UNUSED_FUNCTION = YES;
				GCC_WARN_UNUSED_VARIABLE = YES;
				MACOSX_DEPLOYMENT_TARGET = 10.15;
				MTL_ENABLE_DEBUG_INFO = INCLUDE_SOURCE;
				MTL_FAST_MATH = YES;
				ONLY_ACTIVE_ARCH = YES;
				SDKROOT = macosx;
			};
			name = Debug;
		};
		05FB2B0424B2F2FA002BD7EC /* Release */ = {
			isa = XCBuildConfiguration;
			buildSettings = {
				ALWAYS_SEARCH_USER_PATHS = NO;
				CLANG_ANALYZER_NONNULL = YES;
				CLANG_ANALYZER_NUMBER_OBJECT_CONVERSION = YES_AGGRESSIVE;
				CLANG_CXX_LANGUAGE_STANDARD = "gnu++14";
				CLANG_CXX_LIBRARY = "libc++";
				CLANG_ENABLE_MODULES = YES;
				CLANG_ENABLE_OBJC_ARC = YES;
				CLANG_ENABLE_OBJC_WEAK = YES;
				CLANG_WARN_BLOCK_CAPTURE_AUTORELEASING = YES;
				CLANG_WARN_BOOL_CONVERSION = YES;
				CLANG_WARN_COMMA = YES;
				CLANG_WARN_CONSTANT_CONVERSION = YES;
				CLANG_WARN_DEPRECATED_OBJC_IMPLEMENTATIONS = YES;
				CLANG_WARN_DIRECT_OBJC_ISA_USAGE = YES_ERROR;
				CLANG_WARN_DOCUMENTATION_COMMENTS = YES;
				CLANG_WARN_EMPTY_BODY = YES;
				CLANG_WARN_ENUM_CONVERSION = YES;
				CLANG_WARN_INFINITE_RECURSION = YES;
				CLANG_WARN_INT_CONVERSION = YES;
				CLANG_WARN_NON_LITERAL_NULL_CONVERSION = YES;
				CLANG_WARN_OBJC_IMPLICIT_RETAIN_SELF = YES;
				CLANG_WARN_OBJC_LITERAL_CONVERSION = YES;
				CLANG_WARN_OBJC_ROOT_CLASS = YES_ERROR;
				CLANG_WARN_RANGE_LOOP_ANALYSIS = YES;
				CLANG_WARN_STRICT_PROTOTYPES = YES;
				CLANG_WARN_SUSPICIOUS_MOVE = YES;
				CLANG_WARN_UNGUARDED_AVAILABILITY = YES_AGGRESSIVE;
				CLANG_WARN_UNREACHABLE_CODE = YES;
				CLANG_WARN__DUPLICATE_METHOD_MATCH = YES;
				COPY_PHASE_STRIP = NO;
				DEBUG_INFORMATION_FORMAT = "dwarf-with-dsym";
				ENABLE_NS_ASSERTIONS = NO;
				ENABLE_STRICT_OBJC_MSGSEND = YES;
				GCC_C_LANGUAGE_STANDARD = gnu11;
				GCC_NO_COMMON_BLOCKS = YES;
				GCC_WARN_64_TO_32_BIT_CONVERSION = YES;
				GCC_WARN_ABOUT_RETURN_TYPE = YES_ERROR;
				GCC_WARN_UNDECLARED_SELECTOR = YES;
				GCC_WARN_UNINITIALIZED_AUTOS = YES_AGGRESSIVE;
				GCC_WARN_UNUSED_FUNCTION = YES;
				GCC_WARN_UNUSED_VARIABLE = YES;
				MACOSX_DEPLOYMENT_TARGET = 10.15;
				MTL_ENABLE_DEBUG_INFO = NO;
				MTL_FAST_MATH = YES;
				SDKROOT = macosx;
			};
			name = Release;
		};
		05FB2B0624B2F2FA002BD7EC /* Debug */ = {
			isa = XCBuildConfiguration;
			buildSettings = {
				ASSETCATALOG_COMPILER_APPICON_NAME = AppIcon;
				CODE_SIGN_ENTITLEMENTS = "OpenGL---02/OpenGL___02.entitlements";
				CODE_SIGN_STYLE = Automatic;
				COMBINE_HIDPI_IMAGES = YES;
				HEADER_SEARCH_PATHS = "\"$(SRCROOT)/OpenGL---02/include/GLTools.h\"";
				INFOPLIST_FILE = "OpenGL---02/Info.plist";
				LD_RUNPATH_SEARCH_PATHS = (
					"$(inherited)",
					"@executable_path/../Frameworks",
				);
				LIBRARY_SEARCH_PATHS = (
					"$(inherited)",
					"$(PROJECT_DIR)/OpenGL---02",
				);
				PRODUCT_BUNDLE_IDENTIFIER = "maybe.OpenGL---02";
				PRODUCT_NAME = "$(TARGET_NAME)";
			};
			name = Debug;
		};
		05FB2B0724B2F2FA002BD7EC /* Release */ = {
			isa = XCBuildConfiguration;
			buildSettings = {
				ASSETCATALOG_COMPILER_APPICON_NAME = AppIcon;
				CODE_SIGN_ENTITLEMENTS = "OpenGL---02/OpenGL___02.entitlements";
				CODE_SIGN_STYLE = Automatic;
				COMBINE_HIDPI_IMAGES = YES;
				HEADER_SEARCH_PATHS = "\"$(SRCROOT)/OpenGL---02/include/GLTools.h\"";
				INFOPLIST_FILE = "OpenGL---02/Info.plist";
				LD_RUNPATH_SEARCH_PATHS = (
					"$(inherited)",
					"@executable_path/../Frameworks",
				);
				LIBRARY_SEARCH_PATHS = (
					"$(inherited)",
					"$(PROJECT_DIR)/OpenGL---02",
				);
				PRODUCT_BUNDLE_IDENTIFIER = "maybe.OpenGL---02";
				PRODUCT_NAME = "$(TARGET_NAME)";
			};
			name = Release;
		};
/* End XCBuildConfiguration section */

/* Begin XCConfigurationList section */
		05FB2AEC24B2F2F7002BD7EC /* Build configuration list for PBXProject "OpenGL---02" */ = {
			isa = XCConfigurationList;
			buildConfigurations = (
				05FB2B0324B2F2FA002BD7EC /* Debug */,
				05FB2B0424B2F2FA002BD7EC /* Release */,
			);
			defaultConfigurationIsVisible = 0;
			defaultConfigurationName = Release;
		};
		05FB2B0524B2F2FA002BD7EC /* Build configuration list for PBXNativeTarget "OpenGL---02" */ = {
			isa = XCConfigurationList;
			buildConfigurations = (
				05FB2B0624B2F2FA002BD7EC /* Debug */,
				05FB2B0724B2F2FA002BD7EC /* Release */,
			);
			defaultConfigurationIsVisible = 0;
			defaultConfigurationName = Release;
		};
/* End XCConfigurationList section */
	};
	rootObject = 05FB2AE924B2F2F7002BD7EC /* Project object */;
}
